
Microsoft Visual Studio Solution File, Format Version 11.00
# Visual Studio 2010
Project("{FAE04EC0-301F-11D3-BF4B-00C04F79EFBC}") = "Assembly-CSharp", "Assembly-CSharp.csproj", "{C4EF6492-BE96-8368-F2CF-83FEECD92017}"
EndProject
Project("{FAE04EC0-301F-11D3-BF4B-00C04F79EFBC}") = "Assembly-CSharp-firstpass", "Assembly-CSharp-firstpass.csproj", "{3A56522A-57DD-1C56-097E-58CBC2279F0D}"
EndProject
Project("{FAE04EC0-301F-11D3-BF4B-00C04F79EFBC}") = "Assembly-CSharp-Editor-firstpass", "Assembly-CSharp-Editor-firstpass.csproj", "{6DAF5360-2FF3-FBCA-57A0-DEBE1A1F2A6E}"
EndProject
Global
	GlobalSection(SolutionConfigurationPlatforms) = preSolution
		Debug|Any CPU = Debug|Any CPU
		Release|Any CPU = Release|Any CPU
	EndGlobalSection
	GlobalSection(ProjectConfigurationPlatforms) = postSolution
		{C4EF6492-BE96-8368-F2CF-83FEECD92017}.Debug|Any CPU.ActiveCfg = Debug|Any CPU
		{C4EF6492-BE96-8368-F2CF-83FEECD92017}.Debug|Any CPU.Build.0 = Debug|Any CPU
		{C4EF6492-BE96-8368-F2CF-83FEECD92017}.Release|Any CPU.ActiveCfg = Release|Any CPU
		{C4EF6492-BE96-8368-F2CF-83FEECD92017}.Release|Any CPU.Build.0 = Release|Any CPU
		{3A56522A-57DD-1C56-097E-58CBC2279F0D}.Debug|Any CPU.ActiveCfg = Debug|Any CPU
		{3A56522A-57DD-1C56-097E-58CBC2279F0D}.Debug|Any CPU.Build.0 = Debug|Any CPU
		{3A56522A-57DD-1C56-097E-58CBC2279F0D}.Release|Any CPU.ActiveCfg = Release|Any CPU
		{3A56522A-57DD-1C56-097E-58CBC2279F0D}.Release|Any CPU.Build.0 = Release|Any CPU
		{6DAF5360-2FF3-FBCA-57A0-DEBE1A1F2A6E}.Debug|Any CPU.ActiveCfg = Debug|Any CPU
		{6DAF5360-2FF3-FBCA-57A0-DEBE1A1F2A6E}.Debug|Any CPU.Build.0 = Debug|Any CPU
		{6DAF5360-2FF3-FBCA-57A0-DEBE1A1F2A6E}.Release|Any CPU.ActiveCfg = Release|Any CPU
		{6DAF5360-2FF3-FBCA-57A0-DEBE1A1F2A6E}.Release|Any CPU.Build.0 = Release|Any CPU
	EndGlobalSection
	GlobalSection(SolutionProperties) = preSolution
		HideSolutionNode = FALSE
	EndGlobalSection
	GlobalSection(MonoDevelopProperties) = preSolution
		StartupItem = Assembly-CSharp.csproj
	EndGlobalSection
EndGlobal
